// !$*UTF8*$!
{
	archiveVersion = 1;
	classes = {
	};
	objectVersion = 56;
	objects = {

/* Begin PBXBuildFile section */
		06592704AD2B3B4B6C9A3CB0 /* Pods_Practical_TensorIOT.framework in Frameworks */ = {isa = PBXBuildFile; fileRef = 1C83CF374CFDB1CEBE72CB8A /* Pods_Practical_TensorIOT.framework */; };
		E619BB5C2AD1FBBA006550D5 /* GoogleService-Info.plist in Resources */ = {isa = PBXBuildFile; fileRef = E619BB5B2AD1FBB9006550D5 /* GoogleService-Info.plist */; };
		E619BB5F2AD201C5006550D5 /* SignUpVC+ChoosePicture.swift in Sources */ = {isa = PBXBuildFile; fileRef = E619BB5E2AD201C5006550D5 /* SignUpVC+ChoosePicture.swift */; };
		E619BB612AD201E6006550D5 /* SignUpVC+UITextFieldDelegate.swift in Sources */ = {isa = PBXBuildFile; fileRef = E619BB602AD201E6006550D5 /* SignUpVC+UITextFieldDelegate.swift */; };
		E619BB642AD2024A006550D5 /* SignUpViewModel.swift in Sources */ = {isa = PBXBuildFile; fileRef = E619BB632AD2024A006550D5 /* SignUpViewModel.swift */; };
		E619BB662AD2026F006550D5 /* SignUpVC+UITextViewDelegate.swift in Sources */ = {isa = PBXBuildFile; fileRef = E619BB652AD2026F006550D5 /* SignUpVC+UITextViewDelegate.swift */; };
		E619BB692AD205A8006550D5 /* UserDataModel.swift in Sources */ = {isa = PBXBuildFile; fileRef = E619BB682AD205A8006550D5 /* UserDataModel.swift */; };
		E619BB6B2AD20652006550D5 /* Encodable+Extension.swift in Sources */ = {isa = PBXBuildFile; fileRef = E619BB6A2AD20652006550D5 /* Encodable+Extension.swift */; };
		E619BB6D2AD2069B006550D5 /* ImageVideoPicker+Extension.swift in Sources */ = {isa = PBXBuildFile; fileRef = E619BB6C2AD2069B006550D5 /* ImageVideoPicker+Extension.swift */; };
		E619BB712AD2099D006550D5 /* UIApplication+Extension.swift in Sources */ = {isa = PBXBuildFile; fileRef = E619BB702AD2099D006550D5 /* UIApplication+Extension.swift */; };
		E61B44FE2AD185FB001C3585 /* AppDelegate.swift in Sources */ = {isa = PBXBuildFile; fileRef = E61B44FD2AD185FB001C3585 /* AppDelegate.swift */; };
		E61B450A2AD185FE001C3585 /* LaunchScreen.storyboard in Resources */ = {isa = PBXBuildFile; fileRef = E61B45082AD185FE001C3585 /* LaunchScreen.storyboard */; };
		E61B45152AD185FF001C3585 /* Practical_TensorIOTTests.swift in Sources */ = {isa = PBXBuildFile; fileRef = E61B45142AD185FF001C3585 /* Practical_TensorIOTTests.swift */; };
		E61B451F2AD185FF001C3585 /* Practical_TensorIOTUITests.swift in Sources */ = {isa = PBXBuildFile; fileRef = E61B451E2AD185FF001C3585 /* Practical_TensorIOTUITests.swift */; };
		E61B45212AD185FF001C3585 /* Practical_TensorIOTUITestsLaunchTests.swift in Sources */ = {isa = PBXBuildFile; fileRef = E61B45202AD185FF001C3585 /* Practical_TensorIOTUITestsLaunchTests.swift */; };
		E61B45302AD186B2001C3585 /* Main.storyboard in Resources */ = {isa = PBXBuildFile; fileRef = E61B452F2AD186B2001C3585 /* Main.storyboard */; };
		E61B45372AD187DC001C3585 /* AppDelegate+Configuration.swift in Sources */ = {isa = PBXBuildFile; fileRef = E61B45362AD187DC001C3585 /* AppDelegate+Configuration.swift */; };
		E61B45392AD18808001C3585 /* UIView+Extension.swift in Sources */ = {isa = PBXBuildFile; fileRef = E61B45382AD18808001C3585 /* UIView+Extension.swift */; };
		E61B453B2AD18842001C3585 /* UIViewController+Extension.swift in Sources */ = {isa = PBXBuildFile; fileRef = E61B453A2AD18842001C3585 /* UIViewController+Extension.swift */; };
		E61B453E2AD188A9001C3585 /* Utility.swift in Sources */ = {isa = PBXBuildFile; fileRef = E61B453D2AD188A9001C3585 /* Utility.swift */; };
		E61B45402AD18A2D001C3585 /* JailbreakDetector.swift in Sources */ = {isa = PBXBuildFile; fileRef = E61B453F2AD18A2D001C3585 /* JailbreakDetector.swift */; };
		E61B45502AD18A6D001C3585 /* Assets.xcassets in Resources */ = {isa = PBXBuildFile; fileRef = E61B45432AD18A6D001C3585 /* Assets.xcassets */; };
		E61B45512AD18A6D001C3585 /* Color.xcassets in Resources */ = {isa = PBXBuildFile; fileRef = E61B45452AD18A6D001C3585 /* Color.xcassets */; };
		E61B455D2AD18B2F001C3585 /* UIColor+Extension.swift in Sources */ = {isa = PBXBuildFile; fileRef = E61B455C2AD18B2F001C3585 /* UIColor+Extension.swift */; };
		E61B45622AD18F8F001C3585 /* SignInVC.swift in Sources */ = {isa = PBXBuildFile; fileRef = E61B45612AD18F8F001C3585 /* SignInVC.swift */; };
		E64411AC2AD1A87000BA76AF /* SignUpVC.swift in Sources */ = {isa = PBXBuildFile; fileRef = E64411AB2AD1A87000BA76AF /* SignUpVC.swift */; };
		E64411B02AD1A9E900BA76AF /* DashboardVC.swift in Sources */ = {isa = PBXBuildFile; fileRef = E64411AF2AD1A9E900BA76AF /* DashboardVC.swift */; };
		E64411B22AD1AC4800BA76AF /* UITextField+Extension.swift in Sources */ = {isa = PBXBuildFile; fileRef = E64411B12AD1AC4800BA76AF /* UITextField+Extension.swift */; };
		E64411B52AD1AF5800BA76AF /* NetworkCheck.swift in Sources */ = {isa = PBXBuildFile; fileRef = E64411B42AD1AF5800BA76AF /* NetworkCheck.swift */; };
		E66D5CF82AD1D545004A1D87 /* AppConstants.swift in Sources */ = {isa = PBXBuildFile; fileRef = E66D5CF72AD1D545004A1D87 /* AppConstants.swift */; };
		E66D5CFB2AD1DC14004A1D87 /* GlobalVariables.swift in Sources */ = {isa = PBXBuildFile; fileRef = E66D5CFA2AD1DC14004A1D87 /* GlobalVariables.swift */; };
		E66D5CFD2AD1DFC6004A1D87 /* SignInVC+UITextFieldDelegate.swift in Sources */ = {isa = PBXBuildFile; fileRef = E66D5CFC2AD1DFC6004A1D87 /* SignInVC+UITextFieldDelegate.swift */; };
		E66D5D002AD1E1A7004A1D87 /* SignInViewModel.swift in Sources */ = {isa = PBXBuildFile; fileRef = E66D5CFF2AD1E1A7004A1D87 /* SignInViewModel.swift */; };
		E66D5D032AD1E2BE004A1D87 /* UserDefault.swift in Sources */ = {isa = PBXBuildFile; fileRef = E66D5D022AD1E2BE004A1D87 /* UserDefault.swift */; };
		E66D5D082AD1ECF1004A1D87 /* APIManager.swift in Sources */ = {isa = PBXBuildFile; fileRef = E66D5D072AD1ECF1004A1D87 /* APIManager.swift */; };
		E6AAB68A2AD2806500DFBF9A /* DashboardVC+UITextFieldDelegate.swift in Sources */ = {isa = PBXBuildFile; fileRef = E6AAB6892AD2806500DFBF9A /* DashboardVC+UITextFieldDelegate.swift */; };
		E6AAB68D2AD2809600DFBF9A /* WeatherModel.swift in Sources */ = {isa = PBXBuildFile; fileRef = E6AAB68C2AD2809600DFBF9A /* WeatherModel.swift */; };
		E6AAB6922AD280F600DFBF9A /* DashboardViewModel.swift in Sources */ = {isa = PBXBuildFile; fileRef = E6AAB6912AD280F600DFBF9A /* DashboardViewModel.swift */; };
		E6AAB6952AD2A4D300DFBF9A /* GeneralModel.swift in Sources */ = {isa = PBXBuildFile; fileRef = E6AAB6942AD2A4D300DFBF9A /* GeneralModel.swift */; };
		E6D243312AD30B190091AD51 /* Inter-Medium.ttf in Resources */ = {isa = PBXBuildFile; fileRef = E6D243282AD30B190091AD51 /* Inter-Medium.ttf */; };
		E6D243322AD30B190091AD51 /* Inter-Light.ttf in Resources */ = {isa = PBXBuildFile; fileRef = E6D243292AD30B190091AD51 /* Inter-Light.ttf */; };
		E6D243332AD30B190091AD51 /* Inter-Thin.ttf in Resources */ = {isa = PBXBuildFile; fileRef = E6D2432A2AD30B190091AD51 /* Inter-Thin.ttf */; };
		E6D243342AD30B190091AD51 /* Inter-Bold.ttf in Resources */ = {isa = PBXBuildFile; fileRef = E6D2432B2AD30B190091AD51 /* Inter-Bold.ttf */; };
		E6D243352AD30B190091AD51 /* Inter-Regular.ttf in Resources */ = {isa = PBXBuildFile; fileRef = E6D2432C2AD30B190091AD51 /* Inter-Regular.ttf */; };
		E6D243362AD30B190091AD51 /* Inter-ExtraBold.ttf in Resources */ = {isa = PBXBuildFile; fileRef = E6D2432D2AD30B190091AD51 /* Inter-ExtraBold.ttf */; };
		E6D243372AD30B190091AD51 /* Inter-ExtraLight.ttf in Resources */ = {isa = PBXBuildFile; fileRef = E6D2432E2AD30B190091AD51 /* Inter-ExtraLight.ttf */; };
		E6D243382AD30B190091AD51 /* Inter-Black.ttf in Resources */ = {isa = PBXBuildFile; fileRef = E6D2432F2AD30B190091AD51 /* Inter-Black.ttf */; };
		E6D243392AD30B190091AD51 /* Inter-SemiBold.ttf in Resources */ = {isa = PBXBuildFile; fileRef = E6D243302AD30B190091AD51 /* Inter-SemiBold.ttf */; };
/* End PBXBuildFile section */

/* Begin PBXContainerItemProxy section */
		E61B45112AD185FF001C3585 /* PBXContainerItemProxy */ = {
			isa = PBXContainerItemProxy;
			containerPortal = E61B44F22AD185FB001C3585 /* Project object */;
			proxyType = 1;
			remoteGlobalIDString = E61B44F92AD185FB001C3585;
			remoteInfo = Practical_TensorIOT;
		};
		E61B451B2AD185FF001C3585 /* PBXContainerItemProxy */ = {
			isa = PBXContainerItemProxy;
			containerPortal = E61B44F22AD185FB001C3585 /* Project object */;
			proxyType = 1;
			remoteGlobalIDString = E61B44F92AD185FB001C3585;
			remoteInfo = Practical_TensorIOT;
		};
/* End PBXContainerItemProxy section */

/* Begin PBXFileReference section */
		0325BBA5BEE2B678DF071DB7 /* Pods-Practical_TensorIOT.release.xcconfig */ = {isa = PBXFileReference; includeInIndex = 1; lastKnownFileType = text.xcconfig; name = "Pods-Practical_TensorIOT.release.xcconfig"; path = "Target Support Files/Pods-Practical_TensorIOT/Pods-Practical_TensorIOT.release.xcconfig"; sourceTree = "<group>"; };
		1C83CF374CFDB1CEBE72CB8A /* Pods_Practical_TensorIOT.framework */ = {isa = PBXFileReference; explicitFileType = wrapper.framework; includeInIndex = 0; path = Pods_Practical_TensorIOT.framework; sourceTree = BUILT_PRODUCTS_DIR; };
		B954A9A2B5CC9382483E8AEA /* Pods-Practical_TensorIOT.debug.xcconfig */ = {isa = PBXFileReference; includeInIndex = 1; lastKnownFileType = text.xcconfig; name = "Pods-Practical_TensorIOT.debug.xcconfig"; path = "Target Support Files/Pods-Practical_TensorIOT/Pods-Practical_TensorIOT.debug.xcconfig"; sourceTree = "<group>"; };
		E619BB5B2AD1FBB9006550D5 /* GoogleService-Info.plist */ = {isa = PBXFileReference; fileEncoding = 4; lastKnownFileType = text.plist.xml; path = "GoogleService-Info.plist"; sourceTree = "<group>"; };
		E619BB5E2AD201C5006550D5 /* SignUpVC+ChoosePicture.swift */ = {isa = PBXFileReference; lastKnownFileType = sourcecode.swift; path = "SignUpVC+ChoosePicture.swift"; sourceTree = "<group>"; };
		E619BB602AD201E6006550D5 /* SignUpVC+UITextFieldDelegate.swift */ = {isa = PBXFileReference; lastKnownFileType = sourcecode.swift; path = "SignUpVC+UITextFieldDelegate.swift"; sourceTree = "<group>"; };
		E619BB632AD2024A006550D5 /* SignUpViewModel.swift */ = {isa = PBXFileReference; lastKnownFileType = sourcecode.swift; path = SignUpViewModel.swift; sourceTree = "<group>"; };
		E619BB652AD2026F006550D5 /* SignUpVC+UITextViewDelegate.swift */ = {isa = PBXFileReference; lastKnownFileType = sourcecode.swift; path = "SignUpVC+UITextViewDelegate.swift"; sourceTree = "<group>"; };
		E619BB682AD205A8006550D5 /* UserDataModel.swift */ = {isa = PBXFileReference; lastKnownFileType = sourcecode.swift; path = UserDataModel.swift; sourceTree = "<group>"; };
		E619BB6A2AD20652006550D5 /* Encodable+Extension.swift */ = {isa = PBXFileReference; lastKnownFileType = sourcecode.swift; path = "Encodable+Extension.swift"; sourceTree = "<group>"; };
		E619BB6C2AD2069B006550D5 /* ImageVideoPicker+Extension.swift */ = {isa = PBXFileReference; lastKnownFileType = sourcecode.swift; path = "ImageVideoPicker+Extension.swift"; sourceTree = "<group>"; };
		E619BB702AD2099D006550D5 /* UIApplication+Extension.swift */ = {isa = PBXFileReference; lastKnownFileType = sourcecode.swift; path = "UIApplication+Extension.swift"; sourceTree = "<group>"; };
		E61B44FA2AD185FB001C3585 /* Practical_TensorIOT.app */ = {isa = PBXFileReference; explicitFileType = wrapper.application; includeInIndex = 0; path = Practical_TensorIOT.app; sourceTree = BUILT_PRODUCTS_DIR; };
		E61B44FD2AD185FB001C3585 /* AppDelegate.swift */ = {isa = PBXFileReference; lastKnownFileType = sourcecode.swift; path = AppDelegate.swift; sourceTree = "<group>"; };
		E61B45092AD185FE001C3585 /* Base */ = {isa = PBXFileReference; lastKnownFileType = file.storyboard; name = Base; path = Base.lproj/LaunchScreen.storyboard; sourceTree = "<group>"; };
		E61B450B2AD185FE001C3585 /* Info.plist */ = {isa = PBXFileReference; lastKnownFileType = text.plist.xml; path = Info.plist; sourceTree = "<group>"; };
		E61B45102AD185FF001C3585 /* Practical_TensorIOTTests.xctest */ = {isa = PBXFileReference; explicitFileType = wrapper.cfbundle; includeInIndex = 0; path = Practical_TensorIOTTests.xctest; sourceTree = BUILT_PRODUCTS_DIR; };
		E61B45142AD185FF001C3585 /* Practical_TensorIOTTests.swift */ = {isa = PBXFileReference; lastKnownFileType = sourcecode.swift; path = Practical_TensorIOTTests.swift; sourceTree = "<group>"; };
		E61B451A2AD185FF001C3585 /* Practical_TensorIOTUITests.xctest */ = {isa = PBXFileReference; explicitFileType = wrapper.cfbundle; includeInIndex = 0; path = Practical_TensorIOTUITests.xctest; sourceTree = BUILT_PRODUCTS_DIR; };
		E61B451E2AD185FF001C3585 /* Practical_TensorIOTUITests.swift */ = {isa = PBXFileReference; lastKnownFileType = sourcecode.swift; path = Practical_TensorIOTUITests.swift; sourceTree = "<group>"; };
		E61B45202AD185FF001C3585 /* Practical_TensorIOTUITestsLaunchTests.swift */ = {isa = PBXFileReference; lastKnownFileType = sourcecode.swift; path = Practical_TensorIOTUITestsLaunchTests.swift; sourceTree = "<group>"; };
		E61B452F2AD186B2001C3585 /* Main.storyboard */ = {isa = PBXFileReference; fileEncoding = 4; lastKnownFileType = file.storyboard; path = Main.storyboard; sourceTree = "<group>"; };
		E61B45362AD187DC001C3585 /* AppDelegate+Configuration.swift */ = {isa = PBXFileReference; lastKnownFileType = sourcecode.swift; path = "AppDelegate+Configuration.swift"; sourceTree = "<group>"; };
		E61B45382AD18808001C3585 /* UIView+Extension.swift */ = {isa = PBXFileReference; lastKnownFileType = sourcecode.swift; path = "UIView+Extension.swift"; sourceTree = "<group>"; };
		E61B453A2AD18842001C3585 /* UIViewController+Extension.swift */ = {isa = PBXFileReference; lastKnownFileType = sourcecode.swift; path = "UIViewController+Extension.swift"; sourceTree = "<group>"; };
		E61B453D2AD188A9001C3585 /* Utility.swift */ = {isa = PBXFileReference; lastKnownFileType = sourcecode.swift; path = Utility.swift; sourceTree = "<group>"; };
		E61B453F2AD18A2D001C3585 /* JailbreakDetector.swift */ = {isa = PBXFileReference; lastKnownFileType = sourcecode.swift; path = JailbreakDetector.swift; sourceTree = "<group>"; };
		E61B45432AD18A6D001C3585 /* Assets.xcassets */ = {isa = PBXFileReference; lastKnownFileType = folder.assetcatalog; path = Assets.xcassets; sourceTree = "<group>"; };
		E61B45452AD18A6D001C3585 /* Color.xcassets */ = {isa = PBXFileReference; lastKnownFileType = folder.assetcatalog; path = Color.xcassets; sourceTree = "<group>"; };
		E61B455C2AD18B2F001C3585 /* UIColor+Extension.swift */ = {isa = PBXFileReference; lastKnownFileType = sourcecode.swift; path = "UIColor+Extension.swift"; sourceTree = "<group>"; };
		E61B45612AD18F8F001C3585 /* SignInVC.swift */ = {isa = PBXFileReference; lastKnownFileType = sourcecode.swift; path = SignInVC.swift; sourceTree = "<group>"; };
		E64411AB2AD1A87000BA76AF /* SignUpVC.swift */ = {isa = PBXFileReference; lastKnownFileType = sourcecode.swift; path = SignUpVC.swift; sourceTree = "<group>"; };
		E64411AF2AD1A9E900BA76AF /* DashboardVC.swift */ = {isa = PBXFileReference; lastKnownFileType = sourcecode.swift; path = DashboardVC.swift; sourceTree = "<group>"; };
		E64411B12AD1AC4800BA76AF /* UITextField+Extension.swift */ = {isa = PBXFileReference; lastKnownFileType = sourcecode.swift; path = "UITextField+Extension.swift"; sourceTree = "<group>"; };
		E64411B42AD1AF5800BA76AF /* NetworkCheck.swift */ = {isa = PBXFileReference; lastKnownFileType = sourcecode.swift; path = NetworkCheck.swift; sourceTree = "<group>"; };
		E66D5CF72AD1D545004A1D87 /* AppConstants.swift */ = {isa = PBXFileReference; lastKnownFileType = sourcecode.swift; path = AppConstants.swift; sourceTree = "<group>"; };
		E66D5CFA2AD1DC14004A1D87 /* GlobalVariables.swift */ = {isa = PBXFileReference; lastKnownFileType = sourcecode.swift; path = GlobalVariables.swift; sourceTree = "<group>"; };
		E66D5CFC2AD1DFC6004A1D87 /* SignInVC+UITextFieldDelegate.swift */ = {isa = PBXFileReference; lastKnownFileType = sourcecode.swift; path = "SignInVC+UITextFieldDelegate.swift"; sourceTree = "<group>"; };
		E66D5CFF2AD1E1A7004A1D87 /* SignInViewModel.swift */ = {isa = PBXFileReference; lastKnownFileType = sourcecode.swift; path = SignInViewModel.swift; sourceTree = "<group>"; };
		E66D5D022AD1E2BE004A1D87 /* UserDefault.swift */ = {isa = PBXFileReference; lastKnownFileType = sourcecode.swift; path = UserDefault.swift; sourceTree = "<group>"; };
		E66D5D072AD1ECF1004A1D87 /* APIManager.swift */ = {isa = PBXFileReference; lastKnownFileType = sourcecode.swift; path = APIManager.swift; sourceTree = "<group>"; };
		E6AAB6892AD2806500DFBF9A /* DashboardVC+UITextFieldDelegate.swift */ = {isa = PBXFileReference; lastKnownFileType = sourcecode.swift; path = "DashboardVC+UITextFieldDelegate.swift"; sourceTree = "<group>"; };
		E6AAB68C2AD2809600DFBF9A /* WeatherModel.swift */ = {isa = PBXFileReference; lastKnownFileType = sourcecode.swift; path = WeatherModel.swift; sourceTree = "<group>"; };
		E6AAB6912AD280F600DFBF9A /* DashboardViewModel.swift */ = {isa = PBXFileReference; lastKnownFileType = sourcecode.swift; path = DashboardViewModel.swift; sourceTree = "<group>"; };
		E6AAB6942AD2A4D300DFBF9A /* GeneralModel.swift */ = {isa = PBXFileReference; lastKnownFileType = sourcecode.swift; path = GeneralModel.swift; sourceTree = "<group>"; };
		E6D243282AD30B190091AD51 /* Inter-Medium.ttf */ = {isa = PBXFileReference; lastKnownFileType = file; path = "Inter-Medium.ttf"; sourceTree = "<group>"; };
		E6D243292AD30B190091AD51 /* Inter-Light.ttf */ = {isa = PBXFileReference; lastKnownFileType = file; path = "Inter-Light.ttf"; sourceTree = "<group>"; };
		E6D2432A2AD30B190091AD51 /* Inter-Thin.ttf */ = {isa = PBXFileReference; lastKnownFileType = file; path = "Inter-Thin.ttf"; sourceTree = "<group>"; };
		E6D2432B2AD30B190091AD51 /* Inter-Bold.ttf */ = {isa = PBXFileReference; lastKnownFileType = file; path = "Inter-Bold.ttf"; sourceTree = "<group>"; };
		E6D2432C2AD30B190091AD51 /* Inter-Regular.ttf */ = {isa = PBXFileReference; lastKnownFileType = file; path = "Inter-Regular.ttf"; sourceTree = "<group>"; };
		E6D2432D2AD30B190091AD51 /* Inter-ExtraBold.ttf */ = {isa = PBXFileReference; lastKnownFileType = file; path = "Inter-ExtraBold.ttf"; sourceTree = "<group>"; };
		E6D2432E2AD30B190091AD51 /* Inter-ExtraLight.ttf */ = {isa = PBXFileReference; lastKnownFileType = file; path = "Inter-ExtraLight.ttf"; sourceTree = "<group>"; };
		E6D2432F2AD30B190091AD51 /* Inter-Black.ttf */ = {isa = PBXFileReference; lastKnownFileType = file; path = "Inter-Black.ttf"; sourceTree = "<group>"; };
		E6D243302AD30B190091AD51 /* Inter-SemiBold.ttf */ = {isa = PBXFileReference; lastKnownFileType = file; path = "Inter-SemiBold.ttf"; sourceTree = "<group>"; };
/* End PBXFileReference section */

/* Begin PBXFrameworksBuildPhase section */
		E61B44F72AD185FB001C3585 /* Frameworks */ = {
			isa = PBXFrameworksBuildPhase;
			buildActionMask = 2147483647;
			files = (
				06592704AD2B3B4B6C9A3CB0 /* Pods_Practical_TensorIOT.framework in Frameworks */,
			);
			runOnlyForDeploymentPostprocessing = 0;
		};
		E61B450D2AD185FF001C3585 /* Frameworks */ = {
			isa = PBXFrameworksBuildPhase;
			buildActionMask = 2147483647;
			files = (
			);
			runOnlyForDeploymentPostprocessing = 0;
		};
		E61B45172AD185FF001C3585 /* Frameworks */ = {
			isa = PBXFrameworksBuildPhase;
			buildActionMask = 2147483647;
			files = (
			);
			runOnlyForDeploymentPostprocessing = 0;
		};
/* End PBXFrameworksBuildPhase section */

/* Begin PBXGroup section */
		49EA7A2C15074C9B2C74CCE2 /* Frameworks */ = {
			isa = PBXGroup;
			children = (
				1C83CF374CFDB1CEBE72CB8A /* Pods_Practical_TensorIOT.framework */,
			);
			name = Frameworks;
			sourceTree = "<group>";
		};
		B615C480C088B5F93FFD509D /* Pods */ = {
			isa = PBXGroup;
			children = (
				B954A9A2B5CC9382483E8AEA /* Pods-Practical_TensorIOT.debug.xcconfig */,
				0325BBA5BEE2B678DF071DB7 /* Pods-Practical_TensorIOT.release.xcconfig */,
			);
			path = Pods;
			sourceTree = "<group>";
		};
		E619BB622AD2022D006550D5 /* View Model */ = {
			isa = PBXGroup;
			children = (
				E619BB632AD2024A006550D5 /* SignUpViewModel.swift */,
			);
			path = "View Model";
			sourceTree = "<group>";
		};
		E619BB672AD20595006550D5 /* Model */ = {
			isa = PBXGroup;
			children = (
				E619BB682AD205A8006550D5 /* UserDataModel.swift */,
			);
			path = Model;
			sourceTree = "<group>";
		};
		E61B44F12AD185FB001C3585 = {
			isa = PBXGroup;
			children = (
				49EA7A2C15074C9B2C74CCE2 /* Frameworks */,
				B615C480C088B5F93FFD509D /* Pods */,
				E61B44FC2AD185FB001C3585 /* Practical_TensorIOT */,
				E61B45132AD185FF001C3585 /* Practical_TensorIOTTests */,
				E61B451D2AD185FF001C3585 /* Practical_TensorIOTUITests */,
				E61B44FB2AD185FB001C3585 /* Products */,
			);
			sourceTree = "<group>";
		};
		E61B44FB2AD185FB001C3585 /* Products */ = {
			isa = PBXGroup;
			children = (
				E61B44FA2AD185FB001C3585 /* Practical_TensorIOT.app */,
				E61B45102AD185FF001C3585 /* Practical_TensorIOTTests.xctest */,
				E61B451A2AD185FF001C3585 /* Practical_TensorIOTUITests.xctest */,
			);
			name = Products;
			sourceTree = "<group>";
		};
		E61B44FC2AD185FB001C3585 /* Practical_TensorIOT */ = {
			isa = PBXGroup;
			children = (
				E61B452D2AD18678001C3585 /* AppDelegate */,
				E61B452E2AD18689001C3585 /* Designs */,
				E61B45312AD18728001C3585 /* Helper */,
				E61B455E2AD18F65001C3585 /* Modules */,
				E61B45412AD18A6D001C3585 /* Resources */,
			);
			path = Practical_TensorIOT;
			sourceTree = "<group>";
		};
		E61B45132AD185FF001C3585 /* Practical_TensorIOTTests */ = {
			isa = PBXGroup;
			children = (
				E61B45142AD185FF001C3585 /* Practical_TensorIOTTests.swift */,
			);
			path = Practical_TensorIOTTests;
			sourceTree = "<group>";
		};
		E61B451D2AD185FF001C3585 /* Practical_TensorIOTUITests */ = {
			isa = PBXGroup;
			children = (
				E61B451E2AD185FF001C3585 /* Practical_TensorIOTUITests.swift */,
				E61B45202AD185FF001C3585 /* Practical_TensorIOTUITestsLaunchTests.swift */,
			);
			path = Practical_TensorIOTUITests;
			sourceTree = "<group>";
		};
		E61B452D2AD18678001C3585 /* AppDelegate */ = {
			isa = PBXGroup;
			children = (
				E61B44FD2AD185FB001C3585 /* AppDelegate.swift */,
			);
			path = AppDelegate;
			sourceTree = "<group>";
		};
		E61B452E2AD18689001C3585 /* Designs */ = {
			isa = PBXGroup;
			children = (
				E61B45082AD185FE001C3585 /* LaunchScreen.storyboard */,
				E61B452F2AD186B2001C3585 /* Main.storyboard */,
			);
			path = Designs;
			sourceTree = "<group>";
		};
		E61B45312AD18728001C3585 /* Helper */ = {
			isa = PBXGroup;
			children = (
				E61B45322AD18738001C3585 /* App Constants */,
				E61B45352AD187C8001C3585 /* Extensions */,
				E66D5CF92AD1DC05004A1D87 /* Global Variables */,
				E64411B32AD1AE7900BA76AF /* Network Calls */,
				E61B455B2AD18AC2001C3585 /* Plist Files */,
				E66D5D012AD1E2AA004A1D87 /* User Default */,
				E61B453C2AD1889C001C3585 /* Utility */,
			);
			path = Helper;
			sourceTree = "<group>";
		};
		E61B45322AD18738001C3585 /* App Constants */ = {
			isa = PBXGroup;
			children = (
				E66D5CF72AD1D545004A1D87 /* AppConstants.swift */,
			);
			path = "App Constants";
			sourceTree = "<group>";
		};
		E61B45352AD187C8001C3585 /* Extensions */ = {
			isa = PBXGroup;
			children = (
				E61B45362AD187DC001C3585 /* AppDelegate+Configuration.swift */,
				E619BB6A2AD20652006550D5 /* Encodable+Extension.swift */,
				E619BB6C2AD2069B006550D5 /* ImageVideoPicker+Extension.swift */,
				E619BB702AD2099D006550D5 /* UIApplication+Extension.swift */,
				E61B455C2AD18B2F001C3585 /* UIColor+Extension.swift */,
				E64411B12AD1AC4800BA76AF /* UITextField+Extension.swift */,
				E61B45382AD18808001C3585 /* UIView+Extension.swift */,
				E61B453A2AD18842001C3585 /* UIViewController+Extension.swift */,
			);
			path = Extensions;
			sourceTree = "<group>";
		};
		E61B453C2AD1889C001C3585 /* Utility */ = {
			isa = PBXGroup;
			children = (
				E61B453F2AD18A2D001C3585 /* JailbreakDetector.swift */,
				E61B453D2AD188A9001C3585 /* Utility.swift */,
			);
			path = Utility;
			sourceTree = "<group>";
		};
		E61B45412AD18A6D001C3585 /* Resources */ = {
			isa = PBXGroup;
			children = (
				E61B45442AD18A6D001C3585 /* Colors */,
				E6D243272AD30B190091AD51 /* Fonts */,
				E61B45422AD18A6D001C3585 /* Images */,
			);
			path = Resources;
			sourceTree = "<group>";
		};
		E61B45422AD18A6D001C3585 /* Images */ = {
			isa = PBXGroup;
			children = (
				E61B45432AD18A6D001C3585 /* Assets.xcassets */,
			);
			path = Images;
			sourceTree = "<group>";
		};
		E61B45442AD18A6D001C3585 /* Colors */ = {
			isa = PBXGroup;
			children = (
				E61B45452AD18A6D001C3585 /* Color.xcassets */,
			);
			path = Colors;
			sourceTree = "<group>";
		};
		E61B455B2AD18AC2001C3585 /* Plist Files */ = {
			isa = PBXGroup;
			children = (
				E619BB5B2AD1FBB9006550D5 /* GoogleService-Info.plist */,
				E61B450B2AD185FE001C3585 /* Info.plist */,
			);
			path = "Plist Files";
			sourceTree = "<group>";
		};
		E61B455E2AD18F65001C3585 /* Modules */ = {
			isa = PBXGroup;
			children = (
				E64411AD2AD1A8E000BA76AF /* Dashboard */,
				E61B455F2AD18F6D001C3585 /* Sign In */,
				E64411A92AD1A85500BA76AF /* Sign Up */,
			);
			path = Modules;
			sourceTree = "<group>";
		};
		E61B455F2AD18F6D001C3585 /* Sign In */ = {
			isa = PBXGroup;
			children = (
				E61B45602AD18F77001C3585 /* Controller */,
				E66D5CFE2AD1DFF0004A1D87 /* View Model */,
			);
			path = "Sign In";
			sourceTree = "<group>";
		};
		E61B45602AD18F77001C3585 /* Controller */ = {
			isa = PBXGroup;
			children = (
				E61B45612AD18F8F001C3585 /* SignInVC.swift */,
				E66D5CFC2AD1DFC6004A1D87 /* SignInVC+UITextFieldDelegate.swift */,
			);
			path = Controller;
			sourceTree = "<group>";
		};
		E64411A92AD1A85500BA76AF /* Sign Up */ = {
			isa = PBXGroup;
			children = (
				E64411AA2AD1A85B00BA76AF /* Controller */,
				E619BB672AD20595006550D5 /* Model */,
				E619BB622AD2022D006550D5 /* View Model */,
			);
			path = "Sign Up";
			sourceTree = "<group>";
		};
		E64411AA2AD1A85B00BA76AF /* Controller */ = {
			isa = PBXGroup;
			children = (
				E64411AB2AD1A87000BA76AF /* SignUpVC.swift */,
				E619BB5E2AD201C5006550D5 /* SignUpVC+ChoosePicture.swift */,
				E619BB602AD201E6006550D5 /* SignUpVC+UITextFieldDelegate.swift */,
				E619BB652AD2026F006550D5 /* SignUpVC+UITextViewDelegate.swift */,
			);
			path = Controller;
			sourceTree = "<group>";
		};
		E64411AD2AD1A8E000BA76AF /* Dashboard */ = {
			isa = PBXGroup;
			children = (
				E64411AE2AD1A8E800BA76AF /* Controller */,
				E6AAB68B2AD2808D00DFBF9A /* Model */,
				E6AAB68E2AD280BF00DFBF9A /* View Model */,
			);
			path = Dashboard;
			sourceTree = "<group>";
		};
		E64411AE2AD1A8E800BA76AF /* Controller */ = {
			isa = PBXGroup;
			children = (
				E64411AF2AD1A9E900BA76AF /* DashboardVC.swift */,
				E6AAB6892AD2806500DFBF9A /* DashboardVC+UITextFieldDelegate.swift */,
			);
			path = Controller;
			sourceTree = "<group>";
		};
		E64411B32AD1AE7900BA76AF /* Network Calls */ = {
			isa = PBXGroup;
			children = (
				E66D5D072AD1ECF1004A1D87 /* APIManager.swift */,
				E6AAB6932AD2A4B600DFBF9A /* General Model */,
				E64411B42AD1AF5800BA76AF /* NetworkCheck.swift */,
			);
			path = "Network Calls";
			sourceTree = "<group>";
		};
		E66D5CF92AD1DC05004A1D87 /* Global Variables */ = {
			isa = PBXGroup;
			children = (
				E66D5CFA2AD1DC14004A1D87 /* GlobalVariables.swift */,
			);
			path = "Global Variables";
			sourceTree = "<group>";
		};
		E66D5CFE2AD1DFF0004A1D87 /* View Model */ = {
			isa = PBXGroup;
			children = (
				E66D5CFF2AD1E1A7004A1D87 /* SignInViewModel.swift */,
			);
			path = "View Model";
			sourceTree = "<group>";
		};
		E66D5D012AD1E2AA004A1D87 /* User Default */ = {
			isa = PBXGroup;
			children = (
				E66D5D022AD1E2BE004A1D87 /* UserDefault.swift */,
			);
			path = "User Default";
			sourceTree = "<group>";
		};
		E6AAB68B2AD2808D00DFBF9A /* Model */ = {
			isa = PBXGroup;
			children = (
				E6AAB68C2AD2809600DFBF9A /* WeatherModel.swift */,
			);
			path = Model;
			sourceTree = "<group>";
		};
		E6AAB68E2AD280BF00DFBF9A /* View Model */ = {
			isa = PBXGroup;
			children = (
				E6AAB6912AD280F600DFBF9A /* DashboardViewModel.swift */,
			);
			path = "View Model";
			sourceTree = "<group>";
		};
		E6AAB6932AD2A4B600DFBF9A /* General Model */ = {
			isa = PBXGroup;
			children = (
				E6AAB6942AD2A4D300DFBF9A /* GeneralModel.swift */,
			);
			path = "General Model";
			sourceTree = "<group>";
		};
		E6D243272AD30B190091AD51 /* Fonts */ = {
			isa = PBXGroup;
			children = (
				E6D2432F2AD30B190091AD51 /* Inter-Black.ttf */,
				E6D2432B2AD30B190091AD51 /* Inter-Bold.ttf */,
				E6D2432D2AD30B190091AD51 /* Inter-ExtraBold.ttf */,
				E6D2432E2AD30B190091AD51 /* Inter-ExtraLight.ttf */,
				E6D243292AD30B190091AD51 /* Inter-Light.ttf */,
				E6D243282AD30B190091AD51 /* Inter-Medium.ttf */,
				E6D2432C2AD30B190091AD51 /* Inter-Regular.ttf */,
				E6D243302AD30B190091AD51 /* Inter-SemiBold.ttf */,
				E6D2432A2AD30B190091AD51 /* Inter-Thin.ttf */,
			);
			path = Fonts;
			sourceTree = "<group>";
		};
/* End PBXGroup section */

/* Begin PBXNativeTarget section */
		E61B44F92AD185FB001C3585 /* Practical_TensorIOT */ = {
			isa = PBXNativeTarget;
			buildConfigurationList = E61B45242AD185FF001C3585 /* Build configuration list for PBXNativeTarget "Practical_TensorIOT" */;
			buildPhases = (
				58F7AC3ECBCB6C1E04FA0D57 /* [CP] Check Pods Manifest.lock */,
				E61B44F62AD185FB001C3585 /* Sources */,
				E61B44F72AD185FB001C3585 /* Frameworks */,
				E61B44F82AD185FB001C3585 /* Resources */,
				EEF8EBFEE36695CB618C8984 /* [CP] Embed Pods Frameworks */,
			);
			buildRules = (
			);
			dependencies = (
			);
			name = Practical_TensorIOT;
			productName = Practical_TensorIOT;
			productReference = E61B44FA2AD185FB001C3585 /* Practical_TensorIOT.app */;
			productType = "com.apple.product-type.application";
		};
		E61B450F2AD185FF001C3585 /* Practical_TensorIOTTests */ = {
			isa = PBXNativeTarget;
			buildConfigurationList = E61B45272AD185FF001C3585 /* Build configuration list for PBXNativeTarget "Practical_TensorIOTTests" */;
			buildPhases = (
				E61B450C2AD185FF001C3585 /* Sources */,
				E61B450D2AD185FF001C3585 /* Frameworks */,
				E61B450E2AD185FF001C3585 /* Resources */,
			);
			buildRules = (
			);
			dependencies = (
				E61B45122AD185FF001C3585 /* PBXTargetDependency */,
			);
			name = Practical_TensorIOTTests;
			productName = Practical_TensorIOTTests;
			productReference = E61B45102AD185FF001C3585 /* Practical_TensorIOTTests.xctest */;
			productType = "com.apple.product-type.bundle.unit-test";
		};
		E61B45192AD185FF001C3585 /* Practical_TensorIOTUITests */ = {
			isa = PBXNativeTarget;
			buildConfigurationList = E61B452A2AD185FF001C3585 /* Build configuration list for PBXNativeTarget "Practical_TensorIOTUITests" */;
			buildPhases = (
				E61B45162AD185FF001C3585 /* Sources */,
				E61B45172AD185FF001C3585 /* Frameworks */,
				E61B45182AD185FF001C3585 /* Resources */,
			);
			buildRules = (
			);
			dependencies = (
				E61B451C2AD185FF001C3585 /* PBXTargetDependency */,
			);
			name = Practical_TensorIOTUITests;
			productName = Practical_TensorIOTUITests;
			productReference = E61B451A2AD185FF001C3585 /* Practical_TensorIOTUITests.xctest */;
			productType = "com.apple.product-type.bundle.ui-testing";
		};
/* End PBXNativeTarget section */

/* Begin PBXProject section */
		E61B44F22AD185FB001C3585 /* Project object */ = {
			isa = PBXProject;
			attributes = {
				BuildIndependentTargetsInParallel = 1;
				LastSwiftUpdateCheck = 1500;
				LastUpgradeCheck = 1500;
				TargetAttributes = {
					E61B44F92AD185FB001C3585 = {
						CreatedOnToolsVersion = 15.0;
					};
					E61B450F2AD185FF001C3585 = {
						CreatedOnToolsVersion = 15.0;
						TestTargetID = E61B44F92AD185FB001C3585;
					};
					E61B45192AD185FF001C3585 = {
						CreatedOnToolsVersion = 15.0;
						TestTargetID = E61B44F92AD185FB001C3585;
					};
				};
			};
			buildConfigurationList = E61B44F52AD185FB001C3585 /* Build configuration list for PBXProject "Practical_TensorIOT" */;
			compatibilityVersion = "Xcode 14.0";
			developmentRegion = en;
			hasScannedForEncodings = 0;
			knownRegions = (
				en,
				Base,
			);
			mainGroup = E61B44F12AD185FB001C3585;
			productRefGroup = E61B44FB2AD185FB001C3585 /* Products */;
			projectDirPath = "";
			projectRoot = "";
			targets = (
				E61B44F92AD185FB001C3585 /* Practical_TensorIOT */,
				E61B450F2AD185FF001C3585 /* Practical_TensorIOTTests */,
				E61B45192AD185FF001C3585 /* Practical_TensorIOTUITests */,
			);
		};
/* End PBXProject section */

/* Begin PBXResourcesBuildPhase section */
		E61B44F82AD185FB001C3585 /* Resources */ = {
			isa = PBXResourcesBuildPhase;
			buildActionMask = 2147483647;
			files = (
				E61B45302AD186B2001C3585 /* Main.storyboard in Resources */,
				E6D243362AD30B190091AD51 /* Inter-ExtraBold.ttf in Resources */,
				E61B45512AD18A6D001C3585 /* Color.xcassets in Resources */,
				E6D243312AD30B190091AD51 /* Inter-Medium.ttf in Resources */,
				E6D243342AD30B190091AD51 /* Inter-Bold.ttf in Resources */,
				E61B45502AD18A6D001C3585 /* Assets.xcassets in Resources */,
				E6D243392AD30B190091AD51 /* Inter-SemiBold.ttf in Resources */,
				E6D243382AD30B190091AD51 /* Inter-Black.ttf in Resources */,
				E6D243332AD30B190091AD51 /* Inter-Thin.ttf in Resources */,
				E6D243372AD30B190091AD51 /* Inter-ExtraLight.ttf in Resources */,
				E6D243352AD30B190091AD51 /* Inter-Regular.ttf in Resources */,
				E61B450A2AD185FE001C3585 /* LaunchScreen.storyboard in Resources */,
				E619BB5C2AD1FBBA006550D5 /* GoogleService-Info.plist in Resources */,
				E6D243322AD30B190091AD51 /* Inter-Light.ttf in Resources */,
			);
			runOnlyForDeploymentPostprocessing = 0;
		};
		E61B450E2AD185FF001C3585 /* Resources */ = {
			isa = PBXResourcesBuildPhase;
			buildActionMask = 2147483647;
			files = (
			);
			runOnlyForDeploymentPostprocessing = 0;
		};
		E61B45182AD185FF001C3585 /* Resources */ = {
			isa = PBXResourcesBuildPhase;
			buildActionMask = 2147483647;
			files = (
			);
			runOnlyForDeploymentPostprocessing = 0;
		};
/* End PBXResourcesBuildPhase section */

/* Begin PBXShellScriptBuildPhase section */
		58F7AC3ECBCB6C1E04FA0D57 /* [CP] Check Pods Manifest.lock */ = {
			isa = PBXShellScriptBuildPhase;
			buildActionMask = 2147483647;
			files = (
			);
			inputFileListPaths = (
			);
			inputPaths = (
				"${PODS_PODFILE_DIR_PATH}/Podfile.lock",
				"${PODS_ROOT}/Manifest.lock",
			);
			name = "[CP] Check Pods Manifest.lock";
			outputFileListPaths = (
			);
			outputPaths = (
				"$(DERIVED_FILE_DIR)/Pods-Practical_TensorIOT-checkManifestLockResult.txt",
			);
			runOnlyForDeploymentPostprocessing = 0;
			shellPath = /bin/sh;
			shellScript = "diff \"${PODS_PODFILE_DIR_PATH}/Podfile.lock\" \"${PODS_ROOT}/Manifest.lock\" > /dev/null\nif [ $? != 0 ] ; then\n    # print error to STDERR\n    echo \"error: The sandbox is not in sync with the Podfile.lock. Run 'pod install' or update your CocoaPods installation.\" >&2\n    exit 1\nfi\n# This output is used by Xcode 'outputs' to avoid re-running this script phase.\necho \"SUCCESS\" > \"${SCRIPT_OUTPUT_FILE_0}\"\n";
			showEnvVarsInLog = 0;
		};
		EEF8EBFEE36695CB618C8984 /* [CP] Embed Pods Frameworks */ = {
			isa = PBXShellScriptBuildPhase;
			buildActionMask = 2147483647;
			files = (
			);
			inputFileListPaths = (
				"${PODS_ROOT}/Target Support Files/Pods-Practical_TensorIOT/Pods-Practical_TensorIOT-frameworks-${CONFIGURATION}-input-files.xcfilelist",
			);
			name = "[CP] Embed Pods Frameworks";
			outputFileListPaths = (
				"${PODS_ROOT}/Target Support Files/Pods-Practical_TensorIOT/Pods-Practical_TensorIOT-frameworks-${CONFIGURATION}-output-files.xcfilelist",
			);
			runOnlyForDeploymentPostprocessing = 0;
			shellPath = /bin/sh;
			shellScript = "\"${PODS_ROOT}/Target Support Files/Pods-Practical_TensorIOT/Pods-Practical_TensorIOT-frameworks.sh\"\n";
			showEnvVarsInLog = 0;
		};
/* End PBXShellScriptBuildPhase section */

/* Begin PBXSourcesBuildPhase section */
		E61B44F62AD185FB001C3585 /* Sources */ = {
			isa = PBXSourcesBuildPhase;
			buildActionMask = 2147483647;
			files = (
				E61B44FE2AD185FB001C3585 /* AppDelegate.swift in Sources */,
				E6AAB68D2AD2809600DFBF9A /* WeatherModel.swift in Sources */,
				E61B45372AD187DC001C3585 /* AppDelegate+Configuration.swift in Sources */,
				E61B45622AD18F8F001C3585 /* SignInVC.swift in Sources */,
				E61B453E2AD188A9001C3585 /* Utility.swift in Sources */,
				E619BB712AD2099D006550D5 /* UIApplication+Extension.swift in Sources */,
				E66D5D002AD1E1A7004A1D87 /* SignInViewModel.swift in Sources */,
				E66D5CFB2AD1DC14004A1D87 /* GlobalVariables.swift in Sources */,
				E66D5CFD2AD1DFC6004A1D87 /* SignInVC+UITextFieldDelegate.swift in Sources */,
				E64411B02AD1A9E900BA76AF /* DashboardVC.swift in Sources */,
				E61B45402AD18A2D001C3585 /* JailbreakDetector.swift in Sources */,
				E619BB612AD201E6006550D5 /* SignUpVC+UITextFieldDelegate.swift in Sources */,
				E61B45392AD18808001C3585 /* UIView+Extension.swift in Sources */,
				E61B453B2AD18842001C3585 /* UIViewController+Extension.swift in Sources */,
				E64411B52AD1AF5800BA76AF /* NetworkCheck.swift in Sources */,
				E619BB642AD2024A006550D5 /* SignUpViewModel.swift in Sources */,
				E619BB692AD205A8006550D5 /* UserDataModel.swift in Sources */,
				E66D5D082AD1ECF1004A1D87 /* APIManager.swift in Sources */,
				E66D5D032AD1E2BE004A1D87 /* UserDefault.swift in Sources */,
				E619BB6B2AD20652006550D5 /* Encodable+Extension.swift in Sources */,
				E6AAB6922AD280F600DFBF9A /* DashboardViewModel.swift in Sources */,
				E64411B22AD1AC4800BA76AF /* UITextField+Extension.swift in Sources */,
				E619BB5F2AD201C5006550D5 /* SignUpVC+ChoosePicture.swift in Sources */,
				E66D5CF82AD1D545004A1D87 /* AppConstants.swift in Sources */,
				E64411AC2AD1A87000BA76AF /* SignUpVC.swift in Sources */,
				E61B455D2AD18B2F001C3585 /* UIColor+Extension.swift in Sources */,
				E6AAB6952AD2A4D300DFBF9A /* GeneralModel.swift in Sources */,
				E619BB662AD2026F006550D5 /* SignUpVC+UITextViewDelegate.swift in Sources */,
				E6AAB68A2AD2806500DFBF9A /* DashboardVC+UITextFieldDelegate.swift in Sources */,
				E619BB6D2AD2069B006550D5 /* ImageVideoPicker+Extension.swift in Sources */,
			);
			runOnlyForDeploymentPostprocessing = 0;
		};
		E61B450C2AD185FF001C3585 /* Sources */ = {
			isa = PBXSourcesBuildPhase;
			buildActionMask = 2147483647;
			files = (
				E61B45152AD185FF001C3585 /* Practical_TensorIOTTests.swift in Sources */,
			);
			runOnlyForDeploymentPostprocessing = 0;
		};
		E61B45162AD185FF001C3585 /* Sources */ = {
			isa = PBXSourcesBuildPhase;
			buildActionMask = 2147483647;
			files = (
				E61B45212AD185FF001C3585 /* Practical_TensorIOTUITestsLaunchTests.swift in Sources */,
				E61B451F2AD185FF001C3585 /* Practical_TensorIOTUITests.swift in Sources */,
			);
			runOnlyForDeploymentPostprocessing = 0;
		};
/* End PBXSourcesBuildPhase section */

/* Begin PBXTargetDependency section */
		E61B45122AD185FF001C3585 /* PBXTargetDependency */ = {
			isa = PBXTargetDependency;
			target = E61B44F92AD185FB001C3585 /* Practical_TensorIOT */;
			targetProxy = E61B45112AD185FF001C3585 /* PBXContainerItemProxy */;
		};
		E61B451C2AD185FF001C3585 /* PBXTargetDependency */ = {
			isa = PBXTargetDependency;
			target = E61B44F92AD185FB001C3585 /* Practical_TensorIOT */;
			targetProxy = E61B451B2AD185FF001C3585 /* PBXContainerItemProxy */;
		};
/* End PBXTargetDependency section */

/* Begin PBXVariantGroup section */
		E61B45082AD185FE001C3585 /* LaunchScreen.storyboard */ = {
			isa = PBXVariantGroup;
			children = (
				E61B45092AD185FE001C3585 /* Base */,
			);
			name = LaunchScreen.storyboard;
			sourceTree = "<group>";
		};
/* End PBXVariantGroup section */

/* Begin XCBuildConfiguration section */
		E61B45222AD185FF001C3585 /* Debug */ = {
			isa = XCBuildConfiguration;
			buildSettings = {
				ALWAYS_SEARCH_USER_PATHS = NO;
				ASSETCATALOG_COMPILER_GENERATE_SWIFT_ASSET_SYMBOL_EXTENSIONS = YES;
				CLANG_ANALYZER_NONNULL = YES;
				CLANG_ANALYZER_NUMBER_OBJECT_CONVERSION = YES_AGGRESSIVE;
				CLANG_CXX_LANGUAGE_STANDARD = "gnu++20";
				CLANG_ENABLE_MODULES = YES;
				CLANG_ENABLE_OBJC_ARC = YES;
				CLANG_ENABLE_OBJC_WEAK = YES;
				CLANG_WARN_BLOCK_CAPTURE_AUTORELEASING = YES;
				CLANG_WARN_BOOL_CONVERSION = YES;
				CLANG_WARN_COMMA = YES;
				CLANG_WARN_CONSTANT_CONVERSION = YES;
				CLANG_WARN_DEPRECATED_OBJC_IMPLEMENTATIONS = YES;
				CLANG_WARN_DIRECT_OBJC_ISA_USAGE = YES_ERROR;
				CLANG_WARN_DOCUMENTATION_COMMENTS = YES;
				CLANG_WARN_EMPTY_BODY = YES;
				CLANG_WARN_ENUM_CONVERSION = YES;
				CLANG_WARN_INFINITE_RECURSION = YES;
				CLANG_WARN_INT_CONVERSION = YES;
				CLANG_WARN_NON_LITERAL_NULL_CONVERSION = YES;
				CLANG_WARN_OBJC_IMPLICIT_RETAIN_SELF = YES;
				CLANG_WARN_OBJC_LITERAL_CONVERSION = YES;
				CLANG_WARN_OBJC_ROOT_CLASS = YES_ERROR;
				CLANG_WARN_QUOTED_INCLUDE_IN_FRAMEWORK_HEADER = YES;
				CLANG_WARN_RANGE_LOOP_ANALYSIS = YES;
				CLANG_WARN_STRICT_PROTOTYPES = YES;
				CLANG_WARN_SUSPICIOUS_MOVE = YES;
				CLANG_WARN_UNGUARDED_AVAILABILITY = YES_AGGRESSIVE;
				CLANG_WARN_UNREACHABLE_CODE = YES;
				CLANG_WARN__DUPLICATE_METHOD_MATCH = YES;
				COPY_PHASE_STRIP = NO;
				DEBUG_INFORMATION_FORMAT = dwarf;
				ENABLE_STRICT_OBJC_MSGSEND = YES;
				ENABLE_TESTABILITY = YES;
				ENABLE_USER_SCRIPT_SANDBOXING = YES;
				GCC_C_LANGUAGE_STANDARD = gnu17;
				GCC_DYNAMIC_NO_PIC = NO;
				GCC_NO_COMMON_BLOCKS = YES;
				GCC_OPTIMIZATION_LEVEL = 0;
				GCC_PREPROCESSOR_DEFINITIONS = (
					"DEBUG=1",
					"$(inherited)",
				);
				GCC_WARN_64_TO_32_BIT_CONVERSION = YES;
				GCC_WARN_ABOUT_RETURN_TYPE = YES_ERROR;
				GCC_WARN_UNDECLARED_SELECTOR = YES;
				GCC_WARN_UNINITIALIZED_AUTOS = YES_AGGRESSIVE;
				GCC_WARN_UNUSED_FUNCTION = YES;
				GCC_WARN_UNUSED_VARIABLE = YES;
				IPHONEOS_DEPLOYMENT_TARGET = 17.0;
				LOCALIZATION_PREFERS_STRING_CATALOGS = YES;
				MTL_ENABLE_DEBUG_INFO = INCLUDE_SOURCE;
				MTL_FAST_MATH = YES;
				ONLY_ACTIVE_ARCH = YES;
				SDKROOT = iphoneos;
				SWIFT_ACTIVE_COMPILATION_CONDITIONS = "DEBUG $(inherited)";
				SWIFT_OPTIMIZATION_LEVEL = "-Onone";
			};
			name = Debug;
		};
		E61B45232AD185FF001C3585 /* Release */ = {
			isa = XCBuildConfiguration;
			buildSettings = {
				ALWAYS_SEARCH_USER_PATHS = NO;
				ASSETCATALOG_COMPILER_GENERATE_SWIFT_ASSET_SYMBOL_EXTENSIONS = YES;
				CLANG_ANALYZER_NONNULL = YES;
				CLANG_ANALYZER_NUMBER_OBJECT_CONVERSION = YES_AGGRESSIVE;
				CLANG_CXX_LANGUAGE_STANDARD = "gnu++20";
				CLANG_ENABLE_MODULES = YES;
				CLANG_ENABLE_OBJC_ARC = YES;
				CLANG_ENABLE_OBJC_WEAK = YES;
				CLANG_WARN_BLOCK_CAPTURE_AUTORELEASING = YES;
				CLANG_WARN_BOOL_CONVERSION = YES;
				CLANG_WARN_COMMA = YES;
				CLANG_WARN_CONSTANT_CONVERSION = YES;
				CLANG_WARN_DEPRECATED_OBJC_IMPLEMENTATIONS = YES;
				CLANG_WARN_DIRECT_OBJC_ISA_USAGE = YES_ERROR;
				CLANG_WARN_DOCUMENTATION_COMMENTS = YES;
				CLANG_WARN_EMPTY_BODY = YES;
				CLANG_WARN_ENUM_CONVERSION = YES;
				CLANG_WARN_INFINITE_RECURSION = YES;
				CLANG_WARN_INT_CONVERSION = YES;
				CLANG_WARN_NON_LITERAL_NULL_CONVERSION = YES;
				CLANG_WARN_OBJC_IMPLICIT_RETAIN_SELF = YES;
				CLANG_WARN_OBJC_LITERAL_CONVERSION = YES;
				CLANG_WARN_OBJC_ROOT_CLASS = YES_ERROR;
				CLANG_WARN_QUOTED_INCLUDE_IN_FRAMEWORK_HEADER = YES;
				CLANG_WARN_RANGE_LOOP_ANALYSIS = YES;
				CLANG_WARN_STRICT_PROTOTYPES = YES;
				CLANG_WARN_SUSPICIOUS_MOVE = YES;
				CLANG_WARN_UNGUARDED_AVAILABILITY = YES_AGGRESSIVE;
				CLANG_WARN_UNREACHABLE_CODE = YES;
				CLANG_WARN__DUPLICATE_METHOD_MATCH = YES;
				COPY_PHASE_STRIP = NO;
				DEBUG_INFORMATION_FORMAT = "dwarf-with-dsym";
				ENABLE_NS_ASSERTIONS = NO;
				ENABLE_STRICT_OBJC_MSGSEND = YES;
				ENABLE_USER_SCRIPT_SANDBOXING = YES;
				GCC_C_LANGUAGE_STANDARD = gnu17;
				GCC_NO_COMMON_BLOCKS = YES;
				GCC_WARN_64_TO_32_BIT_CONVERSION = YES;
				GCC_WARN_ABOUT_RETURN_TYPE = YES_ERROR;
				GCC_WARN_UNDECLARED_SELECTOR = YES;
				GCC_WARN_UNINITIALIZED_AUTOS = YES_AGGRESSIVE;
				GCC_WARN_UNUSED_FUNCTION = YES;
				GCC_WARN_UNUSED_VARIABLE = YES;
				IPHONEOS_DEPLOYMENT_TARGET = 17.0;
				LOCALIZATION_PREFERS_STRING_CATALOGS = YES;
				MTL_ENABLE_DEBUG_INFO = NO;
				MTL_FAST_MATH = YES;
				SDKROOT = iphoneos;
				SWIFT_COMPILATION_MODE = wholemodule;
				VALIDATE_PRODUCT = YES;
			};
			name = Release;
		};
		E61B45252AD185FF001C3585 /* Debug */ = {
			isa = XCBuildConfiguration;
			baseConfigurationReference = B954A9A2B5CC9382483E8AEA /* Pods-Practical_TensorIOT.debug.xcconfig */;
			buildSettings = {
				ASSETCATALOG_COMPILER_APPICON_NAME = AppIcon;
				ASSETCATALOG_COMPILER_GLOBAL_ACCENT_COLOR_NAME = AccentColor;
				CODE_SIGN_STYLE = Manual;
				CURRENT_PROJECT_VERSION = 1;
				DEVELOPMENT_TEAM = "";
				ENABLE_USER_SCRIPT_SANDBOXING = NO;
				GENERATE_INFOPLIST_FILE = YES;
				INFOPLIST_FILE = "$(SRCROOT)/Practical_TensorIOT/Helper/Plist Files/Info.plist";
				INFOPLIST_KEY_CFBundleDisplayName = "Tensor IOT";
				INFOPLIST_KEY_NSCameraUsageDescription = "Practical_TensorIOT would like to access your camera for an image uploading";
				INFOPLIST_KEY_NSPhotoLibraryAddUsageDescription = "Practical_TensorIOT would like to access your gallery for an image uploading";
				INFOPLIST_KEY_NSPhotoLibraryUsageDescription = "Practical_TensorIOT would like to access your gallery for an image uploading";
				INFOPLIST_KEY_UIApplicationSupportsIndirectInputEvents = YES;
				INFOPLIST_KEY_UILaunchStoryboardName = LaunchScreen;
				INFOPLIST_KEY_UIMainStoryboardFile = Main;
				INFOPLIST_KEY_UISupportedInterfaceOrientations_iPad = "UIInterfaceOrientationPortrait UIInterfaceOrientationPortraitUpsideDown UIInterfaceOrientationLandscapeLeft UIInterfaceOrientationLandscapeRight";
				INFOPLIST_KEY_UISupportedInterfaceOrientations_iPhone = "UIInterfaceOrientationPortrait UIInterfaceOrientationLandscapeLeft UIInterfaceOrientationLandscapeRight";
				IPHONEOS_DEPLOYMENT_TARGET = 13.0;
				LD_RUNPATH_SEARCH_PATHS = (
					"$(inherited)",
					"@executable_path/Frameworks",
				);
				MARKETING_VERSION = 1.0;
				PRODUCT_BUNDLE_IDENTIFIER = com.tensorIoT.app;
				PRODUCT_NAME = "$(TARGET_NAME)";
				PROVISIONING_PROFILE_SPECIFIER = "";
				SUPPORTED_PLATFORMS = "iphoneos iphonesimulator";
				SUPPORTS_MACCATALYST = NO;
				SUPPORTS_MAC_DESIGNED_FOR_IPHONE_IPAD = NO;
				SWIFT_EMIT_LOC_STRINGS = YES;
				SWIFT_VERSION = 5.0;
				TARGETED_DEVICE_FAMILY = 1;
			};
			name = Debug;
		};
		E61B45262AD185FF001C3585 /* Release */ = {
			isa = XCBuildConfiguration;
			baseConfigurationReference = 0325BBA5BEE2B678DF071DB7 /* Pods-Practical_TensorIOT.release.xcconfig */;
			buildSettings = {
				ASSETCATALOG_COMPILER_APPICON_NAME = AppIcon;
				ASSETCATALOG_COMPILER_GLOBAL_ACCENT_COLOR_NAME = AccentColor;
				CODE_SIGN_STYLE = Manual;
				CURRENT_PROJECT_VERSION = 1;
				DEVELOPMENT_TEAM = "";
				ENABLE_USER_SCRIPT_SANDBOXING = NO;
				GENERATE_INFOPLIST_FILE = YES;
				INFOPLIST_FILE = "$(SRCROOT)/Practical_TensorIOT/Helper/Plist Files/Info.plist";
				INFOPLIST_KEY_CFBundleDisplayName = "Tensor IOT";
				INFOPLIST_KEY_NSCameraUsageDescription = "Practical_TensorIOT would like to access your camera for an image uploading";
				INFOPLIST_KEY_NSPhotoLibraryAddUsageDescription = "Practical_TensorIOT would like to access your gallery for an image uploading";
				INFOPLIST_KEY_NSPhotoLibraryUsageDescription = "Practical_TensorIOT would like to access your gallery for an image uploading";
				INFOPLIST_KEY_UIApplicationSupportsIndirectInputEvents = YES;
				INFOPLIST_KEY_UILaunchStoryboardName = LaunchScreen;
				INFOPLIST_KEY_UIMainStoryboardFile = Main;
				INFOPLIST_KEY_UISupportedInterfaceOrientations_iPad = "UIInterfaceOrientationPortrait UIInterfaceOrientationPortraitUpsideDown UIInterfaceOrientationLandscapeLeft UIInterfaceOrientationLandscapeRight";
				INFOPLIST_KEY_UISupportedInterfaceOrientations_iPhone = "UIInterfaceOrientationPortrait UIInterfaceOrientationLandscapeLeft UIInterfaceOrientationLandscapeRight";
				IPHONEOS_DEPLOYMENT_TARGET = 13.0;
				LD_RUNPATH_SEARCH_PATHS = (
					"$(inherited)",
					"@executable_path/Frameworks",
				);
				MARKETING_VERSION = 1.0;
				PRODUCT_BUNDLE_IDENTIFIER = com.tensorIoT.app;
				PRODUCT_NAME = "$(TARGET_NAME)";
				PROVISIONING_PROFILE_SPECIFIER = "";
				SUPPORTED_PLATFORMS = "iphoneos iphonesimulator";
				SUPPORTS_MACCATALYST = NO;
				SUPPORTS_MAC_DESIGNED_FOR_IPHONE_IPAD = NO;
				SWIFT_EMIT_LOC_STRINGS = YES;
				SWIFT_VERSION = 5.0;
				TARGETED_DEVICE_FAMILY = 1;
			};
			name = Release;
		};
		E61B45282AD185FF001C3585 /* Debug */ = {
			isa = XCBuildConfiguration;
			buildSettings = {
				ALWAYS_EMBED_SWIFT_STANDARD_LIBRARIES = YES;
				BUNDLE_LOADER = "$(TEST_HOST)";
				CODE_SIGN_STYLE = Manual;
				CURRENT_PROJECT_VERSION = 1;
				DEVELOPMENT_TEAM = "";
				GENERATE_INFOPLIST_FILE = YES;
				IPHONEOS_DEPLOYMENT_TARGET = 17.0;
				MARKETING_VERSION = 1.0;
				PRODUCT_BUNDLE_IDENTIFIER = com.tensorIoT.app;
				PRODUCT_NAME = "$(TARGET_NAME)";
				PROVISIONING_PROFILE_SPECIFIER = "";
				SWIFT_EMIT_LOC_STRINGS = NO;
				SWIFT_VERSION = 5.0;
				TARGETED_DEVICE_FAMILY = "1,2";
				TEST_HOST = "$(BUILT_PRODUCTS_DIR)/Practical_TensorIOT.app/$(BUNDLE_EXECUTABLE_FOLDER_PATH)/Practical_TensorIOT";
			};
			name = Debug;
		};
		E61B45292AD185FF001C3585 /* Release */ = {
			isa = XCBuildConfiguration;
			buildSettings = {
				ALWAYS_EMBED_SWIFT_STANDARD_LIBRARIES = YES;
				BUNDLE_LOADER = "$(TEST_HOST)";
				CODE_SIGN_STYLE = Manual;
				CURRENT_PROJECT_VERSION = 1;
				DEVELOPMENT_TEAM = "";
				GENERATE_INFOPLIST_FILE = YES;
				IPHONEOS_DEPLOYMENT_TARGET = 17.0;
				MARKETING_VERSION = 1.0;
				PRODUCT_BUNDLE_IDENTIFIER = com.tensorIoT.app;
				PRODUCT_NAME = "$(TARGET_NAME)";
				PROVISIONING_PROFILE_SPECIFIER = "";
				SWIFT_EMIT_LOC_STRINGS = NO;
				SWIFT_VERSION = 5.0;
				TARGETED_DEVICE_FAMILY = "1,2";
				TEST_HOST = "$(BUILT_PRODUCTS_DIR)/Practical_TensorIOT.app/$(BUNDLE_EXECUTABLE_FOLDER_PATH)/Practical_TensorIOT";
			};
			name = Release;
		};
		E61B452B2AD185FF001C3585 /* Debug */ = {
			isa = XCBuildConfiguration;
			buildSettings = {
				ALWAYS_EMBED_SWIFT_STANDARD_LIBRARIES = YES;
				CODE_SIGN_STYLE = Manual;
				CURRENT_PROJECT_VERSION = 1;
				DEVELOPMENT_TEAM = "";
				GENERATE_INFOPLIST_FILE = YES;
				MARKETING_VERSION = 1.0;
				PRODUCT_BUNDLE_IDENTIFIER = com.tensorIoT.app;
				PRODUCT_NAME = "$(TARGET_NAME)";
				PROVISIONING_PROFILE_SPECIFIER = "";
				SWIFT_EMIT_LOC_STRINGS = NO;
				SWIFT_VERSION = 5.0;
				TARGETED_DEVICE_FAMILY = "1,2";
				TEST_TARGET_NAME = Practical_TensorIOT;
			};
			name = Debug;
		};
		E61B452C2AD185FF001C3585 /* Release */ = {
			isa = XCBuildConfiguration;
			buildSettings = {
				ALWAYS_EMBED_SWIFT_STANDARD_LIBRARIES = YES;
				CODE_SIGN_STYLE = Manual;
				CURRENT_PROJECT_VERSION = 1;
				DEVELOPMENT_TEAM = "";
				GENERATE_INFOPLIST_FILE = YES;
				MARKETING_VERSION = 1.0;
				PRODUCT_BUNDLE_IDENTIFIER = com.tensorIoT.app;
				PRODUCT_NAME = "$(TARGET_NAME)";
				PROVISIONING_PROFILE_SPECIFIER = "";
				SWIFT_EMIT_LOC_STRINGS = NO;
				SWIFT_VERSION = 5.0;
				TARGETED_DEVICE_FAMILY = "1,2";
				TEST_TARGET_NAME = Practical_TensorIOT;
			};
			name = Release;
		};
/* End XCBuildConfiguration section */

/* Begin XCConfigurationList section */
		E61B44F52AD185FB001C3585 /* Build configuration list for PBXProject "Practical_TensorIOT" */ = {
			isa = XCConfigurationList;
			buildConfigurations = (
				E61B45222AD185FF001C3585 /* Debug */,
				E61B45232AD185FF001C3585 /* Release */,
			);
			defaultConfigurationIsVisible = 0;
			defaultConfigurationName = Release;
		};
		E61B45242AD185FF001C3585 /* Build configuration list for PBXNativeTarget "Practical_TensorIOT" */ = {
			isa = XCConfigurationList;
			buildConfigurations = (
				E61B45252AD185FF001C3585 /* Debug */,
				E61B45262AD185FF001C3585 /* Release */,
			);
			defaultConfigurationIsVisible = 0;
			defaultConfigurationName = Release;
		};
		E61B45272AD185FF001C3585 /* Build configuration list for PBXNativeTarget "Practical_TensorIOTTests" */ = {
			isa = XCConfigurationList;
			buildConfigurations = (
				E61B45282AD185FF001C3585 /* Debug */,
				E61B45292AD185FF001C3585 /* Release */,
			);
			defaultConfigurationIsVisible = 0;
			defaultConfigurationName = Release;
		};
		E61B452A2AD185FF001C3585 /* Build configuration list for PBXNativeTarget "Practical_TensorIOTUITests" */ = {
			isa = XCConfigurationList;
			buildConfigurations = (
				E61B452B2AD185FF001C3585 /* Debug */,
				E61B452C2AD185FF001C3585 /* Release */,
			);
			defaultConfigurationIsVisible = 0;
			defaultConfigurationName = Release;
		};
/* End XCConfigurationList section */
	};
	rootObject = E61B44F22AD185FB001C3585 /* Project object */;
}
